// !$*UTF8*$!
{
	archiveVersion = 1;
	classes = {
	};
	objectVersion = 50;
	objects = {

/* Begin PBXBuildFile section */
		3F9E46A5225B903C0043428B /* ComposeViewController.swift in Sources */ = {isa = PBXBuildFile; fileRef = 3F9E46A4225B903C0043428B /* ComposeViewController.swift */; };
		3FF0076B225B3AD100D050EA /* AppDelegate.swift in Sources */ = {isa = PBXBuildFile; fileRef = 3FF0076A225B3AD100D050EA /* AppDelegate.swift */; };
		3FF0076D225B3AD100D050EA /* ViewController.swift in Sources */ = {isa = PBXBuildFile; fileRef = 3FF0076C225B3AD100D050EA /* ViewController.swift */; };
		3FF00770225B3AD100D050EA /* Main.storyboard in Resources */ = {isa = PBXBuildFile; fileRef = 3FF0076E225B3AD100D050EA /* Main.storyboard */; };
		3FF00772225B3AD300D050EA /* Assets.xcassets in Resources */ = {isa = PBXBuildFile; fileRef = 3FF00771225B3AD300D050EA /* Assets.xcassets */; };
		3FF00775225B3AD300D050EA /* LaunchScreen.storyboard in Resources */ = {isa = PBXBuildFile; fileRef = 3FF00773225B3AD300D050EA /* LaunchScreen.storyboard */; };
		3FF0077D225B3B0B00D050EA /* GoogleService-Info.plist in Resources */ = {isa = PBXBuildFile; fileRef = 3FF0077C225B3B0B00D050EA /* GoogleService-Info.plist */; };
		F76AF83DC272F4C0B67B3CE4 /* Pods_messagingapp.framework in Frameworks */ = {isa = PBXBuildFile; fileRef = 794A334B4AA4B2D644B13C97 /* Pods_messagingapp.framework */; };
/* End PBXBuildFile section */

/* Begin PBXFileReference section */
		3F9E46A4225B903C0043428B /* ComposeViewController.swift */ = {isa = PBXFileReference; lastKnownFileType = sourcecode.swift; path = ComposeViewController.swift; sourceTree = "<group>"; };
		3FF00767225B3AD100D050EA /* messagingapp.app */ = {isa = PBXFileReference; explicitFileType = wrapper.application; includeInIndex = 0; path = messagingapp.app; sourceTree = BUILT_PRODUCTS_DIR; };
		3FF0076A225B3AD100D050EA /* AppDelegate.swift */ = {isa = PBXFileReference; lastKnownFileType = sourcecode.swift; path = AppDelegate.swift; sourceTree = "<group>"; };
		3FF0076C225B3AD100D050EA /* ViewController.swift */ = {isa = PBXFileReference; lastKnownFileType = sourcecode.swift; path = ViewController.swift; sourceTree = "<group>"; };
		3FF0076F225B3AD100D050EA /* Base */ = {isa = PBXFileReference; lastKnownFileType = file.storyboard; name = Base; path = Base.lproj/Main.storyboard; sourceTree = "<group>"; };
		3FF00771225B3AD300D050EA /* Assets.xcassets */ = {isa = PBXFileReference; lastKnownFileType = folder.assetcatalog; path = Assets.xcassets; sourceTree = "<group>"; };
		3FF00774225B3AD300D050EA /* Base */ = {isa = PBXFileReference; lastKnownFileType = file.storyboard; name = Base; path = Base.lproj/LaunchScreen.storyboard; sourceTree = "<group>"; };
		3FF00776225B3AD300D050EA /* Info.plist */ = {isa = PBXFileReference; lastKnownFileType = text.plist.xml; path = Info.plist; sourceTree = "<group>"; };
		3FF0077C225B3B0B00D050EA /* GoogleService-Info.plist */ = {isa = PBXFileReference; fileEncoding = 4; lastKnownFileType = text.plist.xml; path = "GoogleService-Info.plist"; sourceTree = "<group>"; };
		461BD79BB9327ED8B7B90748 /* Pods-messagingapp.debug.xcconfig */ = {isa = PBXFileReference; includeInIndex = 1; lastKnownFileType = text.xcconfig; name = "Pods-messagingapp.debug.xcconfig"; path = "Target Support Files/Pods-messagingapp/Pods-messagingapp.debug.xcconfig"; sourceTree = "<group>"; };
		794A334B4AA4B2D644B13C97 /* Pods_messagingapp.framework */ = {isa = PBXFileReference; explicitFileType = wrapper.framework; includeInIndex = 0; path = Pods_messagingapp.framework; sourceTree = BUILT_PRODUCTS_DIR; };
		BD7D9B21BB6C3B2E324E3241 /* Pods-messagingapp.release.xcconfig */ = {isa = PBXFileReference; includeInIndex = 1; lastKnownFileType = text.xcconfig; name = "Pods-messagingapp.release.xcconfig"; path = "Target Support Files/Pods-messagingapp/Pods-messagingapp.release.xcconfig"; sourceTree = "<group>"; };
/* End PBXFileReference section */

/* Begin PBXFrameworksBuildPhase section */
		3FF00764225B3AD100D050EA /* Frameworks */ = {
			isa = PBXFrameworksBuildPhase;
			buildActionMask = 2147483647;
			files = (
				F76AF83DC272F4C0B67B3CE4 /* Pods_messagingapp.framework in Frameworks */,
			);
			runOnlyForDeploymentPostprocessing = 0;
		};
/* End PBXFrameworksBuildPhase section */

/* Begin PBXGroup section */
		3FF0075E225B3AD100D050EA = {
			isa = PBXGroup;
			children = (
				3FF00769225B3AD100D050EA /* messagingapp */,
				3FF00768225B3AD100D050EA /* Products */,
				B80366DC29225194A863A8E3 /* Pods */,
				B3447B50F2F47AE06B3DBBB9 /* Frameworks */,
			);
			sourceTree = "<group>";
		};
		3FF00768225B3AD100D050EA /* Products */ = {
			isa = PBXGroup;
			children = (
				3FF00767225B3AD100D050EA /* messagingapp.app */,
			);
			name = Products;
			sourceTree = "<group>";
		};
		3FF00769225B3AD100D050EA /* messagingapp */ = {
			isa = PBXGroup;
			children = (
				3FF0076A225B3AD100D050EA /* AppDelegate.swift */,
				3FF0076C225B3AD100D050EA /* ViewController.swift */,
				3F9E46A4225B903C0043428B /* ComposeViewController.swift */,
				3FF0076E225B3AD100D050EA /* Main.storyboard */,
				3FF00771225B3AD300D050EA /* Assets.xcassets */,
				3FF00773225B3AD300D050EA /* LaunchScreen.storyboard */,
				3FF00776225B3AD300D050EA /* Info.plist */,
				3FF0077C225B3B0B00D050EA /* GoogleService-Info.plist */,
			);
			path = messagingapp;
			sourceTree = "<group>";
		};
		B3447B50F2F47AE06B3DBBB9 /* Frameworks */ = {
			isa = PBXGroup;
			children = (
				794A334B4AA4B2D644B13C97 /* Pods_messagingapp.framework */,
			);
			name = Frameworks;
			sourceTree = "<group>";
		};
		B80366DC29225194A863A8E3 /* Pods */ = {
			isa = PBXGroup;
			children = (
				461BD79BB9327ED8B7B90748 /* Pods-messagingapp.debug.xcconfig */,
				BD7D9B21BB6C3B2E324E3241 /* Pods-messagingapp.release.xcconfig */,
			);
			path = Pods;
			sourceTree = "<group>";
		};
/* End PBXGroup section */

/* Begin PBXNativeTarget section */
		3FF00766225B3AD100D050EA /* messagingapp */ = {
			isa = PBXNativeTarget;
			buildConfigurationList = 3FF00779225B3AD300D050EA /* Build configuration list for PBXNativeTarget "messagingapp" */;
			buildPhases = (
				2AE53639615BD0CE705228B9 /* [CP] Check Pods Manifest.lock */,
				3FF00763225B3AD100D050EA /* Sources */,
				3FF00764225B3AD100D050EA /* Frameworks */,
				3FF00765225B3AD100D050EA /* Resources */,
				3CEF5D193F1C7EAF65875B10 /* [CP] Embed Pods Frameworks */,
			);
			buildRules = (
			);
			dependencies = (
			);
			name = messagingapp;
			productName = messagingapp;
			productReference = 3FF00767225B3AD100D050EA /* messagingapp.app */;
			productType = "com.apple.product-type.application";
		};
/* End PBXNativeTarget section */

/* Begin PBXProject section */
		3FF0075F225B3AD100D050EA /* Project object */ = {
			isa = PBXProject;
			attributes = {
				LastSwiftUpdateCheck = 1020;
				LastUpgradeCheck = 1020;
				ORGANIZATIONNAME = "Nghia Nguyen Huu";
				TargetAttributes = {
					3FF00766225B3AD100D050EA = {
						CreatedOnToolsVersion = 10.2;
					};
				};
			};
			buildConfigurationList = 3FF00762225B3AD100D050EA /* Build configuration list for PBXProject "messagingapp" */;
			compatibilityVersion = "Xcode 9.3";
			developmentRegion = en;
			hasScannedForEncodings = 0;
			knownRegions = (
				en,
				Base,
			);
			mainGroup = 3FF0075E225B3AD100D050EA;
			productRefGroup = 3FF00768225B3AD100D050EA /* Products */;
			projectDirPath = "";
			projectRoot = "";
			targets = (
				3FF00766225B3AD100D050EA /* messagingapp */,
			);
		};
/* End PBXProject section */

/* Begin PBXResourcesBuildPhase section */
		3FF00765225B3AD100D050EA /* Resources */ = {
			isa = PBXResourcesBuildPhase;
			buildActionMask = 2147483647;
			files = (
				3FF00775225B3AD300D050EA /* LaunchScreen.storyboard in Resources */,
				3FF0077D225B3B0B00D050EA /* GoogleService-Info.plist in Resources */,
				3FF00772225B3AD300D050EA /* Assets.xcassets in Resources */,
				3FF00770225B3AD100D050EA /* Main.storyboard in Resources */,
			);
			runOnlyForDeploymentPostprocessing = 0;
		};
/* End PBXResourcesBuildPhase section */

/* Begin PBXShellScriptBuildPhase section */
		2AE53639615BD0CE705228B9 /* [CP] Check Pods Manifest.lock */ = {
			isa = PBXShellScriptBuildPhase;
			buildActionMask = 2147483647;
			files = (
			);
			inputFileListPaths = (
			);
			inputPaths = (
				"${PODS_PODFILE_DIR_PATH}/Podfile.lock",
				"${PODS_ROOT}/Manifest.lock",
			);
			name = "[CP] Check Pods Manifest.lock";
			outputFileListPaths = (
			);
			outputPaths = (
				"$(DERIVED_FILE_DIR)/Pods-messagingapp-checkManifestLockResult.txt",
			);
			runOnlyForDeploymentPostprocessing = 0;
			shellPath = /bin/sh;
			shellScript = "diff \"${PODS_PODFILE_DIR_PATH}/Podfile.lock\" \"${PODS_ROOT}/Manifest.lock\" > /dev/null\nif [ $? != 0 ] ; then\n    # print error to STDERR\n    echo \"error: The sandbox is not in sync with the Podfile.lock. Run 'pod install' or update your CocoaPods installation.\" >&2\n    exit 1\nfi\n# This output is used by Xcode 'outputs' to avoid re-running this script phase.\necho \"SUCCESS\" > \"${SCRIPT_OUTPUT_FILE_0}\"\n";
			showEnvVarsInLog = 0;
		};
		3CEF5D193F1C7EAF65875B10 /* [CP] Embed Pods Frameworks */ = {
			isa = PBXShellScriptBuildPhase;
			buildActionMask = 2147483647;
			files = (
			);
			inputFileListPaths = (
			);
			inputPaths = (
				"${PODS_ROOT}/Target Support Files/Pods-messagingapp/Pods-messagingapp-frameworks.sh",
				"${BUILT_PRODUCTS_DIR}/GoogleUtilities/GoogleUtilities.framework",
				"${BUILT_PRODUCTS_DIR}/leveldb-library/leveldb.framework",
				"${BUILT_PRODUCTS_DIR}/nanopb/nanopb.framework",
			);
			name = "[CP] Embed Pods Frameworks";
			outputFileListPaths = (
			);
			outputPaths = (
				"${TARGET_BUILD_DIR}/${FRAMEWORKS_FOLDER_PATH}/GoogleUtilities.framework",
				"${TARGET_BUILD_DIR}/${FRAMEWORKS_FOLDER_PATH}/leveldb.framework",
				"${TARGET_BUILD_DIR}/${FRAMEWORKS_FOLDER_PATH}/nanopb.framework",
			);
			runOnlyForDeploymentPostprocessing = 0;
			shellPath = /bin/sh;
			shellScript = "\"${PODS_ROOT}/Target Support Files/Pods-messagingapp/Pods-messagingapp-frameworks.sh\"\n";
			showEnvVarsInLog = 0;
		};
/* End PBXShellScriptBuildPhase section */

/* Begin PBXSourcesBuildPhase section */
		3FF00763225B3AD100D050EA /* Sources */ = {
			isa = PBXSourcesBuildPhase;
			buildActionMask = 2147483647;
			files = (
				3F9E46A5225B903C0043428B /* ComposeViewController.swift in Sources */,
				3FF0076D225B3AD100D050EA /* ViewController.swift in Sources */,
				3FF0076B225B3AD100D050EA /* AppDelegate.swift in Sources */,
			);
			runOnlyForDeploymentPostprocessing = 0;
		};
/* End PBXSourcesBuildPhase section */

/* Begin PBXVariantGroup section */
		3FF0076E225B3AD100D050EA /* Main.storyboard */ = {
			isa = PBXVariantGroup;
			children = (
				3FF0076F225B3AD100D050EA /* Base */,
			);
			name = Main.storyboard;
			sourceTree = "<group>";
		};
		3FF00773225B3AD300D050EA /* LaunchScreen.storyboard */ = {
			isa = PBXVariantGroup;
			children = (
				3FF00774225B3AD300D050EA /* Base */,
			);
			name = LaunchScreen.storyboard;
			sourceTree = "<group>";
		};
/* End PBXVariantGroup section */

/* Begin XCBuildConfiguration section */
		3FF00777225B3AD300D050EA /* Debug */ = {
			isa = XCBuildConfiguration;
			buildSettings = {
				ALWAYS_SEARCH_USER_PATHS = NO;
				CLANG_ANALYZER_NONNULL = YES;
				CLANG_ANALYZER_NUMBER_OBJECT_CONVERSION = YES_AGGRESSIVE;
				CLANG_CXX_LANGUAGE_STANDARD = "gnu++14";
				CLANG_CXX_LIBRARY = "libc++";
				CLANG_ENABLE_MODULES = YES;
				CLANG_ENABLE_OBJC_ARC = YES;
				CLANG_ENABLE_OBJC_WEAK = YES;
				CLANG_WARN_BLOCK_CAPTURE_AUTORELEASING = YES;
				CLANG_WARN_BOOL_CONVERSION = YES;
				CLANG_WARN_COMMA = YES;
				CLANG_WARN_CONSTANT_CONVERSION = YES;
				CLANG_WARN_DEPRECATED_OBJC_IMPLEMENTATIONS = YES;
				CLANG_WARN_DIRECT_OBJC_ISA_USAGE = YES_ERROR;
				CLANG_WARN_DOCUMENTATION_COMMENTS = YES;
				CLANG_WARN_EMPTY_BODY = YES;
				CLANG_WARN_ENUM_CONVERSION = YES;
				CLANG_WARN_INFINITE_RECURSION = YES;
				CLANG_WARN_INT_CONVERSION = YES;
				CLANG_WARN_NON_LITERAL_NULL_CONVERSION = YES;
				CLANG_WARN_OBJC_IMPLICIT_RETAIN_SELF = YES;
				CLANG_WARN_OBJC_LITERAL_CONVERSION = YES;
				CLANG_WARN_OBJC_ROOT_CLASS = YES_ERROR;
				CLANG_WARN_RANGE_LOOP_ANALYSIS = YES;
				CLANG_WARN_STRICT_PROTOTYPES = YES;
				CLANG_WARN_SUSPICIOUS_MOVE = YES;
				CLANG_WARN_UNGUARDED_AVAILABILITY = YES_AGGRESSIVE;
				CLANG_WARN_UNREACHABLE_CODE = YES;
				CLANG_WARN__DUPLICATE_METHOD_MATCH = YES;
				CODE_SIGN_IDENTITY = "iPhone Developer";
				COPY_PHASE_STRIP = NO;
				DEBUG_INFORMATION_FORMAT = dwarf;
				ENABLE_STRICT_OBJC_MSGSEND = YES;
				ENABLE_TESTABILITY = YES;
				GCC_C_LANGUAGE_STANDARD = gnu11;
				GCC_DYNAMIC_NO_PIC = NO;
				GCC_NO_COMMON_BLOCKS = YES;
				GCC_OPTIMIZATION_LEVEL = 0;
				GCC_PREPROCESSOR_DEFINITIONS = (
					"DEBUG=1",
					"$(inherited)",
				);
				GCC_WARN_64_TO_32_BIT_CONVERSION = YES;
				GCC_WARN_ABOUT_RETURN_TYPE = YES_ERROR;
				GCC_WARN_UNDECLARED_SELECTOR = YES;
				GCC_WARN_UNINITIALIZED_AUTOS = YES_AGGRESSIVE;
				GCC_WARN_UNUSED_FUNCTION = YES;
				GCC_WARN_UNUSED_VARIABLE = YES;
				IPHONEOS_DEPLOYMENT_TARGET = 12.2;
				MTL_ENABLE_DEBUG_INFO = INCLUDE_SOURCE;
				MTL_FAST_MATH = YES;
				ONLY_ACTIVE_ARCH = YES;
				SDKROOT = iphoneos;
				SWIFT_ACTIVE_COMPILATION_CONDITIONS = DEBUG;
				SWIFT_OPTIMIZATION_LEVEL = "-Onone";
			};
			name = Debug;
		};
		3FF00778225B3AD300D050EA /* Release */ = {
			isa = XCBuildConfiguration;
			buildSettings = {
				ALWAYS_SEARCH_USER_PATHS = NO;
				CLANG_ANALYZER_NONNULL = YES;
				CLANG_ANALYZER_NUMBER_OBJECT_CONVERSION = YES_AGGRESSIVE;
				CLANG_CXX_LANGUAGE_STANDARD = "gnu++14";
				CLANG_CXX_LIBRARY = "libc++";
				CLANG_ENABLE_MODULES = YES;
				CLANG_ENABLE_OBJC_ARC = YES;
				CLANG_ENABLE_OBJC_WEAK = YES;
				CLANG_WARN_BLOCK_CAPTURE_AUTORELEASING = YES;
				CLANG_WARN_BOOL_CONVERSION = YES;
				CLANG_WARN_COMMA = YES;
				CLANG_WARN_CONSTANT_CONVERSION = YES;
				CLANG_WARN_DEPRECATED_OBJC_IMPLEMENTATIONS = YES;
				CLANG_WARN_DIRECT_OBJC_ISA_USAGE = YES_ERROR;
				CLANG_WARN_DOCUMENTATION_COMMENTS = YES;
				CLANG_WARN_EMPTY_BODY = YES;
				CLANG_WARN_ENUM_CONVERSION = YES;
				CLANG_WARN_INFINITE_RECURSION = YES;
				CLANG_WARN_INT_CONVERSION = YES;
				CLANG_WARN_NON_LITERAL_NULL_CONVERSION = YES;
				CLANG_WARN_OBJC_IMPLICIT_RETAIN_SELF = YES;
				CLANG_WARN_OBJC_LITERAL_CONVERSION = YES;
				CLANG_WARN_OBJC_ROOT_CLASS = YES_ERROR;
				CLANG_WARN_RANGE_LOOP_ANALYSIS = YES;
				CLANG_WARN_STRICT_PROTOTYPES = YES;
				CLANG_WARN_SUSPICIOUS_MOVE = YES;
				CLANG_WARN_UNGUARDED_AVAILABILITY = YES_AGGRESSIVE;
				CLANG_WARN_UNREACHABLE_CODE = YES;
				CLANG_WARN__DUPLICATE_METHOD_MATCH = YES;
				CODE_SIGN_IDENTITY = "iPhone Developer";
				COPY_PHASE_STRIP = NO;
				DEBUG_INFORMATION_FORMAT = "dwarf-with-dsym";
				ENABLE_NS_ASSERTIONS = NO;
				ENABLE_STRICT_OBJC_MSGSEND = YES;
				GCC_C_LANGUAGE_STANDARD = gnu11;
				GCC_NO_COMMON_BLOCKS = YES;
				GCC_WARN_64_TO_32_BIT_CONVERSION = YES;
				GCC_WARN_ABOUT_RETURN_TYPE = YES_ERROR;
				GCC_WARN_UNDECLARED_SELECTOR = YES;
				GCC_WARN_UNINITIALIZED_AUTOS = YES_AGGRESSIVE;
				GCC_WARN_UNUSED_FUNCTION = YES;
				GCC_WARN_UNUSED_VARIABLE = YES;
				IPHONEOS_DEPLOYMENT_TARGET = 12.2;
				MTL_ENABLE_DEBUG_INFO = NO;
				MTL_FAST_MATH = YES;
				SDKROOT = iphoneos;
				SWIFT_COMPILATION_MODE = wholemodule;
				SWIFT_OPTIMIZATION_LEVEL = "-O";
				VALIDATE_PRODUCT = YES;
			};
			name = Release;
		};
		3FF0077A225B3AD300D050EA /* Debug */ = {
			isa = XCBuildConfiguration;
			baseConfigurationReference = 461BD79BB9327ED8B7B90748 /* Pods-messagingapp.debug.xcconfig */;
			buildSettings = {
				ASSETCATALOG_COMPILER_APPICON_NAME = AppIcon;
				CODE_SIGN_STYLE = Automatic;
				INFOPLIST_FILE = messagingapp/Info.plist;
				LD_RUNPATH_SEARCH_PATHS = (
					"$(inherited)",
					"@executable_path/Frameworks",
				);
				PRODUCT_BUNDLE_IDENTIFIER = com.huunghia.messagingapp;
				PRODUCT_NAME = "$(TARGET_NAME)";
				SWIFT_VERSION = 5.0;
				TARGETED_DEVICE_FAMILY = "1,2";
			};
			name = Debug;
		};
		3FF0077B225B3AD300D050EA /* Release */ = {
			isa = XCBuildConfiguration;
			baseConfigurationReference = BD7D9B21BB6C3B2E324E3241 /* Pods-messagingapp.release.xcconfig */;
			buildSettings = {
				ASSETCATALOG_COMPILER_APPICON_NAME = AppIcon;
				CODE_SIGN_STYLE = Automatic;
				INFOPLIST_FILE = messagingapp/Info.plist;
				LD_RUNPATH_SEARCH_PATHS = (
					"$(inherited)",
					"@executable_path/Frameworks",
				);
				PRODUCT_BUNDLE_IDENTIFIER = com.huunghia.messagingapp;
				PRODUCT_NAME = "$(TARGET_NAME)";
				SWIFT_VERSION = 5.0;
				TARGETED_DEVICE_FAMILY = "1,2";
			};
			name = Release;
		};
/* End XCBuildConfiguration section */

/* Begin XCConfigurationList section */
		3FF00762225B3AD100D050EA /* Build configuration list for PBXProject "messagingapp" */ = {
			isa = XCConfigurationList;
			buildConfigurations = (
				3FF00777225B3AD300D050EA /* Debug */,
				3FF00778225B3AD300D050EA /* Release */,
			);
			defaultConfigurationIsVisible = 0;
			defaultConfigurationName = Release;
		};
		3FF00779225B3AD300D050EA /* Build configuration list for PBXNativeTarget "messagingapp" */ = {
			isa = XCConfigurationList;
			buildConfigurations = (
				3FF0077A225B3AD300D050EA /* Debug */,
				3FF0077B225B3AD300D050EA /* Release */,
			);
			defaultConfigurationIsVisible = 0;
			defaultConfigurationName = Release;
		};
/* End XCConfigurationList section */
	};
	rootObject = 3FF0075F225B3AD100D050EA /* Project object */;
}
